Microsoft Visual Studio Solution File, Format Version 12.00
# Visual Studio Version 17
VisualStudioVersion = 17.5.2.0
MinimumVisualStudioVersion = 10.0.40219.1
Project("{FAE04EC0-301F-11D3-BF4B-00C04F79EFBC}") = "MonApp", "MonApp\MonApp.csproj", "{BCCB1001-8E48-8CF8-EB3B-9326E5CA8C11}"
EndProject
Global
	GlobalSection(SolutionConfigurationPlatforms) = preSolution
		Debug|Any CPU = Debug|Any CPU
		Release|Any CPU = Release|Any CPU
	EndGlobalSection
	GlobalSection(ProjectConfigurationPlatforms) = postSolution
		{BCCB1001-8E48-8CF8-EB3B-9326E5CA8C11}.Debug|Any CPU.ActiveCfg = Debug|Any CPU
		{BCCB1001-8E48-8CF8-EB3B-9326E5CA8C11}.Debug|Any CPU.Build.0 = Debug|Any CPU
		{BCCB1001-8E48-8CF8-EB3B-9326E5CA8C11}.Release|Any CPU.ActiveCfg = Release|Any CPU
		{BCCB1001-8E48-8CF8-EB3B-9326E5CA8C11}.Release|Any CPU.Build.0 = Release|Any CPU
	EndGlobalSection
	GlobalSection(SolutionProperties) = preSolution
		HideSolutionNode = FALSE
	EndGlobalSection
	GlobalSection(ExtensibilityGlobals) = postSolution
		SolutionGuid = {FEA5B962-49AA-4A9D-9E52-920782DE210A}
	EndGlobalSection
EndGlobal
