
Microsoft Visual Studio Solution File, Format Version 12.00
# Visual Studio Version 17
VisualStudioVersion = 17.0.31903.59
MinimumVisualStudioVersion = 10.0.40219.1
Project("{FAE04EC0-301F-11D3-BF4B-00C04F79EFBC}") = "TopLevelFunctions", "TopLevelFunctions\TopLevelFunctions.csproj", "{02E05794-F79A-465C-B032-A2F1DE5101ED}"
EndProject
Project("{FAE04EC0-301F-11D3-BF4B-00C04F79EFBC}") = "CalculatorLib", "CalculatorLib\CalculatorLib.csproj", "{C9A67879-3CD7-4BF5-B4C0-F8942F7E2889}"
EndProject
Project("{FAE04EC0-301F-11D3-BF4B-00C04F79EFBC}") = "CalculatorLibUnitTests", "CalculatorLibUnitTests\CalculatorLibUnitTests.csproj", "{B31A1CA8-A913-4BA7-B8C9-6DDA4E267AC1}"
EndProject
Global
	GlobalSection(SolutionConfigurationPlatforms) = preSolution
		Debug|Any CPU = Debug|Any CPU
		Release|Any CPU = Release|Any CPU
	EndGlobalSection
	GlobalSection(SolutionProperties) = preSolution
		HideSolutionNode = FALSE
	EndGlobalSection
	GlobalSection(ProjectConfigurationPlatforms) = postSolution
		{02E05794-F79A-465C-B032-A2F1DE5101ED}.Debug|Any CPU.ActiveCfg = Debug|Any CPU
		{02E05794-F79A-465C-B032-A2F1DE5101ED}.Debug|Any CPU.Build.0 = Debug|Any CPU
		{02E05794-F79A-465C-B032-A2F1DE5101ED}.Release|Any CPU.ActiveCfg = Release|Any CPU
		{02E05794-F79A-465C-B032-A2F1DE5101ED}.Release|Any CPU.Build.0 = Release|Any CPU
		{C9A67879-3CD7-4BF5-B4C0-F8942F7E2889}.Debug|Any CPU.ActiveCfg = Debug|Any CPU
		{C9A67879-3CD7-4BF5-B4C0-F8942F7E2889}.Debug|Any CPU.Build.0 = Debug|Any CPU
		{C9A67879-3CD7-4BF5-B4C0-F8942F7E2889}.Release|Any CPU.ActiveCfg = Release|Any CPU
		{C9A67879-3CD7-4BF5-B4C0-F8942F7E2889}.Release|Any CPU.Build.0 = Release|Any CPU
		{B31A1CA8-A913-4BA7-B8C9-6DDA4E267AC1}.Debug|Any CPU.ActiveCfg = Debug|Any CPU
		{B31A1CA8-A913-4BA7-B8C9-6DDA4E267AC1}.Debug|Any CPU.Build.0 = Debug|Any CPU
		{B31A1CA8-A913-4BA7-B8C9-6DDA4E267AC1}.Release|Any CPU.ActiveCfg = Release|Any CPU
		{B31A1CA8-A913-4BA7-B8C9-6DDA4E267AC1}.Release|Any CPU.Build.0 = Release|Any CPU
	EndGlobalSection
EndGlobal
