
Microsoft Visual Studio Solution File, Format Version 12.00
# Visual Studio Version 17
VisualStudioVersion = 17.0.31903.59
MinimumVisualStudioVersion = 10.0.40219.1
Project("{FAE04EC0-301F-11D3-BF4B-00C04F79EFBC}") = "PacktLibraryNet2", "PacktLibraryNet2\PacktLibraryNet2.csproj", "{A0D1DE99-F4EF-49C7-86A7-EEE9A584BFE4}"
EndProject
Project("{FAE04EC0-301F-11D3-BF4B-00C04F79EFBC}") = "PeopleApp", "PeopleApp\PeopleApp.csproj", "{B58042C2-6AA1-42C4-ACB2-8651A562F251}"
EndProject
Project("{FAE04EC0-301F-11D3-BF4B-00C04F79EFBC}") = "PacktLibraryModern", "PacktLibraryModern\PacktLibraryModern.csproj", "{B8460088-8A87-466E-94B6-082E2F53D9C1}"
EndProject
Global
	GlobalSection(SolutionConfigurationPlatforms) = preSolution
		Debug|Any CPU = Debug|Any CPU
		Release|Any CPU = Release|Any CPU
	EndGlobalSection
	GlobalSection(SolutionProperties) = preSolution
		HideSolutionNode = FALSE
	EndGlobalSection
	GlobalSection(ProjectConfigurationPlatforms) = postSolution
		{A0D1DE99-F4EF-49C7-86A7-EEE9A584BFE4}.Debug|Any CPU.ActiveCfg = Debug|Any CPU
		{A0D1DE99-F4EF-49C7-86A7-EEE9A584BFE4}.Debug|Any CPU.Build.0 = Debug|Any CPU
		{A0D1DE99-F4EF-49C7-86A7-EEE9A584BFE4}.Release|Any CPU.ActiveCfg = Release|Any CPU
		{A0D1DE99-F4EF-49C7-86A7-EEE9A584BFE4}.Release|Any CPU.Build.0 = Release|Any CPU
		{B58042C2-6AA1-42C4-ACB2-8651A562F251}.Debug|Any CPU.ActiveCfg = Debug|Any CPU
		{B58042C2-6AA1-42C4-ACB2-8651A562F251}.Debug|Any CPU.Build.0 = Debug|Any CPU
		{B58042C2-6AA1-42C4-ACB2-8651A562F251}.Release|Any CPU.ActiveCfg = Release|Any CPU
		{B58042C2-6AA1-42C4-ACB2-8651A562F251}.Release|Any CPU.Build.0 = Release|Any CPU
		{B8460088-8A87-466E-94B6-082E2F53D9C1}.Debug|Any CPU.ActiveCfg = Debug|Any CPU
		{B8460088-8A87-466E-94B6-082E2F53D9C1}.Debug|Any CPU.Build.0 = Debug|Any CPU
		{B8460088-8A87-466E-94B6-082E2F53D9C1}.Release|Any CPU.ActiveCfg = Release|Any CPU
		{B8460088-8A87-466E-94B6-082E2F53D9C1}.Release|Any CPU.Build.0 = Release|Any CPU
	EndGlobalSection
EndGlobal
